
Microsoft Visual Studio Solution File, Format Version 12.00
Project("{FAE04EC0-301F-11D3-BF4B-00C04F79EFBC}") = "Gateway", "Gateway.csproj", "{75F8A05E-0D69-4896-B9E6-00C0F22016EF}"
EndProject
Global
	GlobalSection(SolutionConfigurationPlatforms) = preSolution
		Debug|Any CPU = Debug|Any CPU
		Release|Any CPU = Release|Any CPU
	EndGlobalSection
	GlobalSection(ProjectConfigurationPlatforms) = postSolution
		{75F8A05E-0D69-4896-B9E6-00C0F22016EF}.Debug|Any CPU.ActiveCfg = Debug|Any CPU
		{75F8A05E-0D69-4896-B9E6-00C0F22016EF}.Debug|Any CPU.Build.0 = Debug|Any CPU
		{75F8A05E-0D69-4896-B9E6-00C0F22016EF}.Release|Any CPU.ActiveCfg = Release|Any CPU
		{75F8A05E-0D69-4896-B9E6-00C0F22016EF}.Release|Any CPU.Build.0 = Release|Any CPU
	EndGlobalSection
EndGlobal
